
Microsoft Visual Studio Solution File, Format Version 12.00
# Visual Studio 2015
Project("{FAE04EC0-301F-11D3-BF4B-00C04F79EFBC}") = "Rolling Madness.CSharp.Plugins", "Rolling Madness.CSharp.Plugins.csproj", "{A3ABAFD6-E5CD-4682-AD85-D6EC1AEF6F24}"
EndProject
Project("{FAE04EC0-301F-11D3-BF4B-00C04F79EFBC}") = "Rolling Madness.CSharp", "Rolling Madness.CSharp.csproj", "{2B188414-C0D2-3EF1-F63F-BEF6D101DD8B}"
EndProject
Project("{FAE04EC0-301F-11D3-BF4B-00C04F79EFBC}") = "Rolling Madness.CSharp.Editor", "Rolling Madness.CSharp.Editor.csproj", "{31F54178-FAC3-D62A-3A16-E65AA82EB02C}"
EndProject
Global
	GlobalSection(SolutionConfigurationPlatforms) = preSolution
		Debug|Any CPU = Debug|Any CPU
		Release|Any CPU = Release|Any CPU
	EndGlobalSection
	GlobalSection(ProjectConfigurationPlatforms) = postSolution
		{A3ABAFD6-E5CD-4682-AD85-D6EC1AEF6F24}.Debug|Any CPU.ActiveCfg = Debug|Any CPU
		{A3ABAFD6-E5CD-4682-AD85-D6EC1AEF6F24}.Debug|Any CPU.Build.0 = Debug|Any CPU
		{A3ABAFD6-E5CD-4682-AD85-D6EC1AEF6F24}.Release|Any CPU.ActiveCfg = Release|Any CPU
		{A3ABAFD6-E5CD-4682-AD85-D6EC1AEF6F24}.Release|Any CPU.Build.0 = Release|Any CPU
		{2B188414-C0D2-3EF1-F63F-BEF6D101DD8B}.Debug|Any CPU.ActiveCfg = Debug|Any CPU
		{2B188414-C0D2-3EF1-F63F-BEF6D101DD8B}.Debug|Any CPU.Build.0 = Debug|Any CPU
		{2B188414-C0D2-3EF1-F63F-BEF6D101DD8B}.Release|Any CPU.ActiveCfg = Release|Any CPU
		{2B188414-C0D2-3EF1-F63F-BEF6D101DD8B}.Release|Any CPU.Build.0 = Release|Any CPU
		{31F54178-FAC3-D62A-3A16-E65AA82EB02C}.Debug|Any CPU.ActiveCfg = Debug|Any CPU
		{31F54178-FAC3-D62A-3A16-E65AA82EB02C}.Debug|Any CPU.Build.0 = Debug|Any CPU
		{31F54178-FAC3-D62A-3A16-E65AA82EB02C}.Release|Any CPU.ActiveCfg = Release|Any CPU
		{31F54178-FAC3-D62A-3A16-E65AA82EB02C}.Release|Any CPU.Build.0 = Release|Any CPU
	EndGlobalSection
	GlobalSection(SolutionProperties) = preSolution
		HideSolutionNode = FALSE
	EndGlobalSection
EndGlobal
